# This file is autogenerated, do not edit; changes may be undone by the next 'dep ensure'.


[[projects]]
  branch = "master"
  digest = "1:be401bf21e39909588f6b7542bc655f5ed0265ea17255b5dbcf16d1150c2f91f"
  name = "github.com/RichardKnop/jsonhal"
  packages = ["."]
  pruneopts = "T"
  revision = "9ef775cfa6bf439e2791421ed81ef44a42605cf2"

[[projects]]
  digest = "1:3b8e9cd07c91582652db920662d756c9d7a80562df58004fa63296ed850424fa"
  name = "github.com/go-chi/chi"
  packages = ["."]
  pruneopts = "T"
  revision = "86f9a6e7ce9bf453eaa339b51f88f586edbccbc1"
  version = "v4.1.2"

[[projects]]
  digest = "1:54d7b4b9ab2bb2bae35b55eea900bc8fe15cba05a95fc78bf7fd7b82a9a07afa"
  name = "github.com/go-chi/render"
  packages = ["."]
  pruneopts = "T"
  revision = "3215478343fbc559bd3fc08f7031bb134d6bdad5"
  version = "v1.0.1"

[[projects]]
  digest = "1:dfa0a7a6b64b2ac99259c4e79cc403470a4fa359c41029e0b8be4f419b0a0e5b"
  name = "github.com/google/uuid"
  packages = ["."]
  pruneopts = "T"
  revision = "bfb86fa49a73e4194d93bea18d7acfe3694438ce"
  version = "v1.2.0"

[[projects]]
  digest = "1:a8ef4876ebfba61e9984ba8b7efc368d6eb7b5089603b2fffc99c36bdf39c1c3"
  name = "github.com/gorilla/mux"
  packages = ["."]
  pruneopts = "T"
  revision = "98cb6bf42e086f6af920b965c38cacc07402d51b"
  version = "v1.8.0"

[[projects]]
  digest = "1:870d441fe217b8e689d7949fef6e43efbc787e50f200cb1e70dbca9204a1d6be"
  name = "github.com/inconshreveable/mousetrap"
  packages = ["."]
  pruneopts = "T"
  revision = "76626ae9c91c4f2a10f34cad8ce83ea42c93bb75"
  version = "v1.0"

[[projects]]
  branch = "master"
  digest = "1:d546fee370ab615bf9c320a7f140f49394035f9c1336a2ec9e63204c05b4c760"
  name = "github.com/llimon/stuff"
  packages = [
    "cmd",
    "common",
    "handlers",
    "logging",
    "routers",
    "server",
    "services",
  ]
  pruneopts = "T"
  revision = "d34fc55cb76442872e1a755071f8214a07eda871"

[[projects]]
  digest = "1:1744b02dab72106a8f40ce2d9eaa88c3905e3f25009b8944fdfeb1dea708e0cc"
  name = "github.com/mitchellh/mapstructure"
  packages = ["."]
  pruneopts = "T"
  revision = "8ebf2d61a8b4adcce25fc9fc9b76e8452a00672f"
  version = "v1.4.1"

[[projects]]
  digest = "1:0d40f08f9f1d486f6c56a0cb0d50f28ee1d216497adb7ea060b6dfe9587a2a3d"
  name = "github.com/spf13/cobra"
  packages = ["."]
  pruneopts = "T"
  revision = "f2b07da1e2c38d5f12845a4f607e2e1018cbb1f5"
  version = "v0.0.5"

[[projects]]
  digest = "1:0f775ea7a72e30d5574267692aaa9ff265aafd15214a7ae7db26bc77f2ca04dc"
  name = "github.com/spf13/pflag"
  packages = ["."]
  pruneopts = "T"
  revision = "298182f68c66c05229eb03ac171abe6e309ee79a"
  version = "v1.0.3"

[[projects]]
  digest = "1:1cb088da2add92b2955ba3f26d959e08e4639f53a50fb6cef36b5bc04b241103"
  name = "go.uber.org/atomic"
  packages = ["."]
  pruneopts = "T"
  revision = "df976f2515e274675050de7b3f42545de80594fd"
  version = "v1.4.0"

[[projects]]
  digest = "1:8da5d356e645cc806b953f35966e9185e9f3817c6cee54f9b33ca602544ee434"
  name = "go.uber.org/multierr"
  packages = ["."]
  pruneopts = "T"
  revision = "3c4937480c32f4c13a875a1829af76c98ca3d40a"
  version = "v1.1.0"

[[projects]]
  digest = "1:02c8a1e814550ce0ab8fe07402e2e4132a250bdb3f2f79a67407f99e4d678352"
  name = "go.uber.org/zap"
  packages = [
    ".",
    "buffer",
    "internal/bufferpool",
    "internal/color",
    "internal/exit",
    "zapcore",
  ]
  pruneopts = "T"
  revision = "27376062155ad36be76b0f12cf1572a221d3a48c"
  version = "v1.10.0"

[solve-meta]
  analyzer-name = "dep"
  analyzer-version = 1
  input-imports = [
    "github.com/RichardKnop/jsonhal",
    "github.com/go-chi/chi",
    "github.com/go-chi/render",
    "github.com/google/uuid",
    "github.com/gorilla/mux",
    "github.com/llimon/stuff/cmd",
    "github.com/llimon/stuff/common",
    "github.com/llimon/stuff/handlers",
    "github.com/llimon/stuff/logging",
    "github.com/llimon/stuff/routers",
    "github.com/llimon/stuff/server",
    "github.com/llimon/stuff/services",
    "github.com/spf13/cobra",
    "go.uber.org/zap",
  ]
  solver-name = "gps-cdcl"
  solver-version = 1
